
Microsoft Visual Studio Solution File, Format Version 12.00
# Visual Studio 14
VisualStudioVersion = 14.0.25420.1
MinimumVisualStudioVersion = 10.0.40219.1
Project("{FAE04EC0-301F-11D3-BF4B-00C04F79EFBC}") = "Presentacion", "Presentacion\Presentacion.csproj", "{EE3800C1-75E5-4DA5-94F3-9D5009315BE9}"
EndProject
Project("{FAE04EC0-301F-11D3-BF4B-00C04F79EFBC}") = "Negocio", "Negocio\Negocio.csproj", "{F97ABFB0-DD90-4123-ABE8-AD324508D150}"
EndProject
Project("{FAE04EC0-301F-11D3-BF4B-00C04F79EFBC}") = "Entidades", "Entidades\Entidades.csproj", "{3EEDEBD2-D2E8-482F-8790-BB7268692609}"
EndProject
Project("{FAE04EC0-301F-11D3-BF4B-00C04F79EFBC}") = "Datos", "Datos\Datos.csproj", "{4CDB9508-EBCA-4BB7-A73F-B5CA8E9D9F41}"
EndProject
Global
	GlobalSection(SolutionConfigurationPlatforms) = preSolution
		Debug|Any CPU = Debug|Any CPU
		Release|Any CPU = Release|Any CPU
	EndGlobalSection
	GlobalSection(ProjectConfigurationPlatforms) = postSolution
		{EE3800C1-75E5-4DA5-94F3-9D5009315BE9}.Debug|Any CPU.ActiveCfg = Debug|Any CPU
		{EE3800C1-75E5-4DA5-94F3-9D5009315BE9}.Debug|Any CPU.Build.0 = Debug|Any CPU
		{EE3800C1-75E5-4DA5-94F3-9D5009315BE9}.Release|Any CPU.ActiveCfg = Release|Any CPU
		{EE3800C1-75E5-4DA5-94F3-9D5009315BE9}.Release|Any CPU.Build.0 = Release|Any CPU
		{F97ABFB0-DD90-4123-ABE8-AD324508D150}.Debug|Any CPU.ActiveCfg = Debug|Any CPU
		{F97ABFB0-DD90-4123-ABE8-AD324508D150}.Debug|Any CPU.Build.0 = Debug|Any CPU
		{F97ABFB0-DD90-4123-ABE8-AD324508D150}.Release|Any CPU.ActiveCfg = Release|Any CPU
		{F97ABFB0-DD90-4123-ABE8-AD324508D150}.Release|Any CPU.Build.0 = Release|Any CPU
		{3EEDEBD2-D2E8-482F-8790-BB7268692609}.Debug|Any CPU.ActiveCfg = Debug|Any CPU
		{3EEDEBD2-D2E8-482F-8790-BB7268692609}.Debug|Any CPU.Build.0 = Debug|Any CPU
		{3EEDEBD2-D2E8-482F-8790-BB7268692609}.Release|Any CPU.ActiveCfg = Release|Any CPU
		{3EEDEBD2-D2E8-482F-8790-BB7268692609}.Release|Any CPU.Build.0 = Release|Any CPU
		{4CDB9508-EBCA-4BB7-A73F-B5CA8E9D9F41}.Debug|Any CPU.ActiveCfg = Debug|Any CPU
		{4CDB9508-EBCA-4BB7-A73F-B5CA8E9D9F41}.Debug|Any CPU.Build.0 = Debug|Any CPU
		{4CDB9508-EBCA-4BB7-A73F-B5CA8E9D9F41}.Release|Any CPU.ActiveCfg = Release|Any CPU
		{4CDB9508-EBCA-4BB7-A73F-B5CA8E9D9F41}.Release|Any CPU.Build.0 = Release|Any CPU
	EndGlobalSection
	GlobalSection(SolutionProperties) = preSolution
		HideSolutionNode = FALSE
	EndGlobalSection
EndGlobal
